{
  "name": "redmud-intro-v2",
  "lockfileVersion": 3,
  "requires": true,
  "packages": {
    "": {
      "name": "redmud-intro-v2",
      "devDependencies": {
        "gsap": "^3.12.5"
      }
    },
    "node_modules/gsap": {
      "version": "3.12.5",
      "resolved": "https://registry.npmmirror.com/gsap/-/gsap-3.12.5.tgz",
      "integrity": "sha512-srBfnk4n+Oe/ZnMIOXt3gT605BX9x5+rh/prT2F1SsNJsU1XuMiP0E2aptW481OnonOGACZWBqseH5Z7csHxhQ==",
      "dev": true,
      "license": "Standard 'no charge' license: https://gsap.com/standard-license. Club GSAP members get more: https://gsap.com/licensing/. Why GreenSock doesn't employ an MIT license: https://gsap.com/why-license/"
    }
  }
}
